
Microsoft Visual Studio Solution File, Format Version 12.00
# Visual Studio Version 17
VisualStudioVersion = 17.14.36408.4
MinimumVisualStudioVersion = 10.0.40219.1
Project("{FAE04EC0-301F-11D3-BF4B-00C04F79EFBC}") = "MultiToolWin", "MultiToolWin\MultiToolWin.csproj", "{E46CF12D-667D-447E-9895-42BFA1E8BB46}"
EndProject
Global
	GlobalSection(SolutionConfigurationPlatforms) = preSolution
		Debug|Any CPU = Debug|Any CPU
		Debug|x64 = Debug|x64
		Debug|x86 = Debug|x86
		Release|Any CPU = Release|Any CPU
		Release|x64 = Release|x64
		Release|x86 = Release|x86
	EndGlobalSection
	GlobalSection(ProjectConfigurationPlatforms) = postSolution
		{E46CF12D-667D-447E-9895-42BFA1E8BB46}.Debug|Any CPU.ActiveCfg = Debug|Any CPU
		{E46CF12D-667D-447E-9895-42BFA1E8BB46}.Debug|Any CPU.Build.0 = Debug|Any CPU
		{E46CF12D-667D-447E-9895-42BFA1E8BB46}.Debug|x64.ActiveCfg = Debug|x64
		{E46CF12D-667D-447E-9895-42BFA1E8BB46}.Debug|x64.Build.0 = Debug|x64
		{E46CF12D-667D-447E-9895-42BFA1E8BB46}.Debug|x86.ActiveCfg = Debug|x86
		{E46CF12D-667D-447E-9895-42BFA1E8BB46}.Debug|x86.Build.0 = Debug|x86
		{E46CF12D-667D-447E-9895-42BFA1E8BB46}.Release|Any CPU.ActiveCfg = Release|Any CPU
		{E46CF12D-667D-447E-9895-42BFA1E8BB46}.Release|Any CPU.Build.0 = Release|Any CPU
		{E46CF12D-667D-447E-9895-42BFA1E8BB46}.Release|x64.ActiveCfg = Release|Any CPU
		{E46CF12D-667D-447E-9895-42BFA1E8BB46}.Release|x64.Build.0 = Release|Any CPU
		{E46CF12D-667D-447E-9895-42BFA1E8BB46}.Release|x86.ActiveCfg = Release|x86
		{E46CF12D-667D-447E-9895-42BFA1E8BB46}.Release|x86.Build.0 = Release|x86
	EndGlobalSection
	GlobalSection(SolutionProperties) = preSolution
		HideSolutionNode = FALSE
	EndGlobalSection
	GlobalSection(ExtensibilityGlobals) = postSolution
		SolutionGuid = {400C002A-B68B-482E-B0C9-CF6C0C1215BE}
	EndGlobalSection
EndGlobal
